# THIS IS AN AUTOGENERATED FILE. DO NOT EDIT THIS FILE DIRECTLY.
# yarn lockfile v1


"@raketa-cms/raketa-menu-builder@link:..":
  version "0.0.0"
  uid ""

"@raketa-cms/raketa-mir@^1.1.1":
  version "1.1.1"
  resolved "https://registry.yarnpkg.com/@raketa-cms/raketa-mir/-/raketa-mir-1.1.1.tgz#536fe43f590207d78a22b930c674f58937280444"
  integrity sha512-FGlCz7Eu3EHpSiSEaTBPaLjXTERh+U50vkRObCGzrV3siuIRc6K0hcdnS+UlEauge3LZ/ri35M0wxPRAXC8bHg==

"@types/sortablejs@^1.10.0":
  version "1.10.5"
  resolved "https://registry.yarnpkg.com/@types/sortablejs/-/sortablejs-1.10.5.tgz#341f5af3372180ce3cbfbd2b34a6fdefaca8d227"
  integrity sha512-U/i9rGkCwmgmsa0UzHlGnQtL4y57tjywjp6j3GbA64MLaGO+sEBLVhBrQokWfgzeV2T6hQRYC4dZtXkl6dCMfw==

classnames@^2.2.6:
  version "2.2.6"
  resolved "https://registry.yarnpkg.com/classnames/-/classnames-2.2.6.tgz#43935bffdd291f326dad0a205309b38d00f650ce"
  integrity sha512-JR/iSQOSt+LQIWwrwEzJ9uk0xfN3mTVYMwt1Ir5mUcSN6pU+V4zQFFaJsclJbPuAUQH+yfWef6tm7l1quW3C8Q==

"react-dom@link:../node_modules/react-dom":
  version "0.0.0"
  uid ""

react-hook-form@^5.4.2:
  version "5.7.2"
  resolved "https://registry.yarnpkg.com/react-hook-form/-/react-hook-form-5.7.2.tgz#a84e259e5d37dd30949af4f79c4dac31101b79ac"
  integrity sha512-bJvY348vayIvEUmSK7Fvea/NgqbT2racA2IbnJz/aPlQ3GBtaTeDITH6rtCa6y++obZzG6E3Q8VuoXPir7QYUg==

"react-scripts@link:../node_modules/react-scripts":
  version "0.0.0"
  uid ""

react-sortablejs@^2.0.11:
  version "2.0.11"
  resolved "https://registry.yarnpkg.com/react-sortablejs/-/react-sortablejs-2.0.11.tgz#eecf621f801ab8c16a8a5c3c856005f0795ccbcf"
  integrity sha512-Id44yygU6H/fNRp0uWkGZnKGuBF8GF/Ts6gKX5NfwmzceRjH0e0XHsmBuQ6WXhBIVnMM+XgkEPub851mdti0TA==
  dependencies:
    "@types/sortablejs" "^1.10.0"
    classnames "^2.2.6"
    sortablejs "1.10.1"
    tiny-invariant "^1.0.6"

"react@link:../node_modules/react":
  version "0.0.0"
  uid ""

sortablejs@1.10.1:
  version "1.10.1"
  resolved "https://registry.yarnpkg.com/sortablejs/-/sortablejs-1.10.1.tgz#3d52b00f871be00f00f84d99a60d120bf3dfe52c"
  integrity sha512-N6r7GrVmO8RW1rn0cTdvK3JR0BcqecAJ0PmYMCL3ZuqTH3pY+9QyqkmJSkkLyyDvd+AJnwaxTP22Ybr/83V9hQ==

tiny-invariant@^1.0.6:
  version "1.1.0"
  resolved "https://registry.yarnpkg.com/tiny-invariant/-/tiny-invariant-1.1.0.tgz#634c5f8efdc27714b7f386c35e6760991d230875"
  integrity sha512-ytxQvrb1cPc9WBEI/HSeYYoGD0kWnGEOR8RY6KomWLBVhqz0RgTwVO9dLrGz7dC+nN9llyI7OKAgRq8Vq4ZBSw==
